
Microsoft Visual Studio Solution File, Format Version 12.00
# Visual Studio Version 17
VisualStudioVersion = 17.7.34024.191
MinimumVisualStudioVersion = 10.0.40219.1
Project("{FAE04EC0-301F-11D3-BF4B-00C04F79EFBC}") = "14. The Return Statement", "14. The Return Statement\14. The Return Statement.csproj", "{41A53D30-4AF1-4F25-9FAB-A95F5C2FBFCA}"
EndProject
Global
	GlobalSection(SolutionConfigurationPlatforms) = preSolution
		Debug|Any CPU = Debug|Any CPU
		Release|Any CPU = Release|Any CPU
	EndGlobalSection
	GlobalSection(ProjectConfigurationPlatforms) = postSolution
		{41A53D30-4AF1-4F25-9FAB-A95F5C2FBFCA}.Debug|Any CPU.ActiveCfg = Debug|Any CPU
		{41A53D30-4AF1-4F25-9FAB-A95F5C2FBFCA}.Debug|Any CPU.Build.0 = Debug|Any CPU
		{41A53D30-4AF1-4F25-9FAB-A95F5C2FBFCA}.Release|Any CPU.ActiveCfg = Release|Any CPU
		{41A53D30-4AF1-4F25-9FAB-A95F5C2FBFCA}.Release|Any CPU.Build.0 = Release|Any CPU
	EndGlobalSection
	GlobalSection(SolutionProperties) = preSolution
		HideSolutionNode = FALSE
	EndGlobalSection
	GlobalSection(ExtensibilityGlobals) = postSolution
		SolutionGuid = {AD00075A-ED50-4465-B96A-87B2F89BC9CD}
	EndGlobalSection
EndGlobal
